{
  "name": "wood-passport",
  "version": "1.0.0",
  "lockfileVersion": 1,
  "requires": true,
  "dependencies": {
    "crypto": {
      "version": "1.0.1",
      "resolved": "https://registry.npmjs.org/crypto/-/crypto-1.0.1.tgz",
      "integrity": "sha512-VxBKmeNcqQdiUQUW2Tzq0t377b54N2bMtXO/qiLa+6eRRmmC4qT3D4OnTGoT/U6O9aklQ/jTwbOtRMTTY8G0Ig=="
    },
    "wood-token": {
      "version": "1.0.2",
      "resolved": "https://registry.npmjs.org/wood-token/-/wood-token-1.0.2.tgz",
      "integrity": "sha512-fsn4Apjf65vos3nOFN/H5s4O6lUg9oj8r8Vpe+AhAIJmtiGAU4ZZwc8KThBNnn3F90CYjAbZtHuGO7ByFU8a8g==",
      "requires": {
        "crypto": "1.0.1"
      }
    }
  }
}
